Microsoft Visual Studio Solution File, Format Version 12.00
# Visual Studio Version 17
VisualStudioVersion = 17.5.2.0
MinimumVisualStudioVersion = 10.0.40219.1
Project("{2150E333-8FDC-42A3-9474-1A3956D46DE8}") = "Lab01", "Lab01", "{EE75C665-CF0B-E757-6772-FD49DA9E1E54}"
EndProject
Project("{2150E333-8FDC-42A3-9474-1A3956D46DE8}") = "Lab02", "Lab02", "{83D7B06C-2322-1709-3F29-21EDDA1CD299}"
EndProject
Project("{2150E333-8FDC-42A3-9474-1A3956D46DE8}") = "Lab03", "Lab03", "{18CFC6EA-9BD2-EEAD-78C7-F7F9F95C1EF1}"
EndProject
Project("{2150E333-8FDC-42A3-9474-1A3956D46DE8}") = "Lab04", "Lab04", "{50477B52-896C-CE36-BA53-BF57BF3C09C7}"
EndProject
Project("{2150E333-8FDC-42A3-9474-1A3956D46DE8}") = "Lab05", "Lab05", "{B433D83E-B692-FEDF-627E-7CBB17B2737A}"
EndProject
Project("{2150E333-8FDC-42A3-9474-1A3956D46DE8}") = "Lab06", "Lab06", "{83F0E504-9AB5-B348-9194-D31AED9D2D88}"
EndProject
Project("{2150E333-8FDC-42A3-9474-1A3956D46DE8}") = "Lab09", "Lab09", "{E44DDA30-E2FB-F4C4-627B-16EBD1672A4C}"
EndProject
Project("{2150E333-8FDC-42A3-9474-1A3956D46DE8}") = "Lab10", "Lab10", "{04A3331B-C9DD-A790-E29F-5B6283ABCFA2}"
EndProject
Project("{2150E333-8FDC-42A3-9474-1A3956D46DE8}") = "Lab11", "Lab11", "{519AB928-C6EA-8769-F834-888391BE3AB3}"
EndProject
Project("{2150E333-8FDC-42A3-9474-1A3956D46DE8}") = "Lab12", "Lab12", "{08531FB8-DCED-0C6C-1C61-FFE1A51EB243}"
EndProject
Project("{FAE04EC0-301F-11D3-BF4B-00C04F79EFBC}") = "Lab01_A01_PrintDetails", "Lab01\Lab01_A01_PrintDetails\Lab01_A01_PrintDetails.csproj", "{5DB77B40-B1DC-6889-DB4C-6916CA34023F}"
EndProject
Project("{FAE04EC0-301F-11D3-BF4B-00C04F79EFBC}") = "Lab01_A02_TwoNumbers", "Lab01\Lab01_A02_TwoNumbers\Lab01_A02_TwoNumbers.csproj", "{B06F797E-B8D5-F6AB-918A-230BABB1DFAF}"
EndProject
Project("{FAE04EC0-301F-11D3-BF4B-00C04F79EFBC}") = "Lab01_A03_HelloMessage", "Lab01\Lab01_A03_HelloMessage\Lab01_A03_HelloMessage.csproj", "{5062B871-2119-89F1-45FB-DEB11E6E3B9A}"
EndProject
Project("{FAE04EC0-301F-11D3-BF4B-00C04F79EFBC}") = "Lab01_B01_TemperatureConverter", "Lab01\Lab01_B01_TemperatureConverter\Lab01_B01_TemperatureConverter.csproj", "{DD32ED9F-168D-D817-FF57-A66071E468D5}"
EndProject
Project("{FAE04EC0-301F-11D3-BF4B-00C04F79EFBC}") = "Lab01_B02_SalaryCalculator", "Lab01\Lab01_B02_SalaryCalculator\Lab01_B02_SalaryCalculator.csproj", "{D15EB9EB-E322-20A5-B8DB-B9A7F1D7553F}"
EndProject
Project("{FAE04EC0-301F-11D3-BF4B-00C04F79EFBC}") = "Lab01_B03_ShapeCalculator", "Lab01\Lab01_B03_ShapeCalculator\Lab01_B03_ShapeCalculator.csproj", "{34D57E6B-1E99-FBB3-20EA-7CBB830F2005}"
EndProject
Project("{FAE04EC0-301F-11D3-BF4B-00C04F79EFBC}") = "Lab01_B04_GradeCalculator", "Lab01\Lab01_B04_GradeCalculator\Lab01_B04_GradeCalculator.csproj", "{91831DE9-6776-CBB7-BFC6-9CAF099BFB7D}"
EndProject
Project("{FAE04EC0-301F-11D3-BF4B-00C04F79EFBC}") = "Lab01_C01_CurrencyConverter", "Lab01\Lab01_C01_CurrencyConverter\Lab01_C01_CurrencyConverter.csproj", "{1F064F9C-ACCC-FF9A-B985-B6961F70FBA6}"
EndProject
Project("{FAE04EC0-301F-11D3-BF4B-00C04F79EFBC}") = "Lab01_C02_ShoppingDiscount", "Lab01\Lab01_C02_ShoppingDiscount\Lab01_C02_ShoppingDiscount.csproj", "{B65211CD-BA84-5178-B787-922C34003ECD}"
EndProject
Project("{FAE04EC0-301F-11D3-BF4B-00C04F79EFBC}") = "Lab01_C03_CabFareSystem", "Lab01\Lab01_C03_CabFareSystem\Lab01_C03_CabFareSystem.csproj", "{8DAABC93-6503-1757-958E-62CBA7619860}"
EndProject
Project("{FAE04EC0-301F-11D3-BF4B-00C04F79EFBC}") = "Lab02_A01_MultiplicationTable", "Lab02\Lab02_A01_MultiplicationTable\Lab02_A01_MultiplicationTable.csproj", "{B3378A1A-705A-0517-B239-DE8510ADF42C}"
EndProject
Project("{FAE04EC0-301F-11D3-BF4B-00C04F79EFBC}") = "Lab02_A02_CharacterCounter", "Lab02\Lab02_A02_CharacterCounter\Lab02_A02_CharacterCounter.csproj", "{24CBFB10-4896-1509-0AD9-C5D44E2B83B8}"
EndProject
Project("{FAE04EC0-301F-11D3-BF4B-00C04F79EFBC}") = "Lab02_A03_GradeCalculator", "Lab02\Lab02_A03_GradeCalculator\Lab02_A03_GradeCalculator.csproj", "{EE494871-FA21-5E1B-0466-C19BC425230B}"
EndProject
Project("{FAE04EC0-301F-11D3-BF4B-00C04F79EFBC}") = "Lab02_B01_SumEvenOdd", "Lab02\Lab02_B01_SumEvenOdd\Lab02_B01_SumEvenOdd.csproj", "{5088F0F6-2B2C-4B25-AC17-41D9B6FC4213}"
EndProject
Project("{FAE04EC0-301F-11D3-BF4B-00C04F79EFBC}") = "Lab02_B02_Factorial", "Lab02\Lab02_B02_Factorial\Lab02_B02_Factorial.csproj", "{B4F7E25D-E025-7CB5-605B-2745AC03538C}"
EndProject
Project("{FAE04EC0-301F-11D3-BF4B-00C04F79EFBC}") = "Lab02_C01_StrongPassword", "Lab02\Lab02_C01_StrongPassword\Lab02_C01_StrongPassword.csproj", "{ED5E1AC0-D51F-98E4-7A9E-372C39838CB8}"
EndProject
Project("{FAE04EC0-301F-11D3-BF4B-00C04F79EFBC}") = "Lab02_C02_PrimeNumber", "Lab02\Lab02_C02_PrimeNumber\Lab02_C02_PrimeNumber.csproj", "{04F621EA-D248-2413-DDF7-C9880E59E341}"
EndProject
Project("{FAE04EC0-301F-11D3-BF4B-00C04F79EFBC}") = "Lab02_C03_ReverseNumber", "Lab02\Lab02_C03_ReverseNumber\Lab02_C03_ReverseNumber.csproj", "{5787CDA5-ECE2-90E3-2833-2A04C48DC7F9}"
EndProject
Project("{FAE04EC0-301F-11D3-BF4B-00C04F79EFBC}") = "Lab02_C04_Palindrome", "Lab02\Lab02_C04_Palindrome\Lab02_C04_Palindrome.csproj", "{53912A8D-E17B-4EBD-8423-6040411013A5}"
EndProject
Project("{FAE04EC0-301F-11D3-BF4B-00C04F79EFBC}") = "Lab02_C05_Fibonacci", "Lab02\Lab02_C05_Fibonacci\Lab02_C05_Fibonacci.csproj", "{BEB7FD26-B59F-4828-CFFF-F16DA398AED0}"
EndProject
Project("{FAE04EC0-301F-11D3-BF4B-00C04F79EFBC}") = "Lab03_A01_StudentClass", "Lab03\Lab03_A01_StudentClass\Lab03_A01_StudentClass.csproj", "{0B71ED32-1EB5-313A-F129-166AC3C0C00A}"
EndProject
Project("{FAE04EC0-301F-11D3-BF4B-00C04F79EFBC}") = "Lab03_A02_RectangleClass", "Lab03\Lab03_A02_RectangleClass\Lab03_A02_RectangleClass.csproj", "{48127332-0AD6-0EE9-7C18-2187294C6126}"
EndProject
Project("{FAE04EC0-301F-11D3-BF4B-00C04F79EFBC}") = "Lab03_A03_DivideByZero", "Lab03\Lab03_A03_DivideByZero\Lab03_A03_DivideByZero.csproj", "{5E82FD1D-48F5-DF87-C670-D5D19BCB2BF7}"
EndProject
Project("{FAE04EC0-301F-11D3-BF4B-00C04F79EFBC}") = "Lab03_B01_BankAccount", "Lab03\Lab03_B01_BankAccount\Lab03_B01_BankAccount.csproj", "{F5642E06-48D2-EDCF-F6E0-852AE7B2FB8A}"
EndProject
Project("{FAE04EC0-301F-11D3-BF4B-00C04F79EFBC}") = "Lab03_B02_ConstructorOverloading", "Lab03\Lab03_B02_ConstructorOverloading\Lab03_B02_ConstructorOverloading.csproj", "{F1250DCA-57AB-F33C-0AF0-D9B6FC77B610}"
EndProject
Project("{FAE04EC0-301F-11D3-BF4B-00C04F79EFBC}") = "Lab03_B03_EmployeeClass", "Lab03\Lab03_B03_EmployeeClass\Lab03_B03_EmployeeClass.csproj", "{0E32538B-614C-0147-7D7D-892914AE00DC}"
EndProject
Project("{FAE04EC0-301F-11D3-BF4B-00C04F79EFBC}") = "Lab03_C01_ShoppingCart", "Lab03\Lab03_C01_ShoppingCart\Lab03_C01_ShoppingCart.csproj", "{FA727B9D-1BF1-D9DE-7E8F-19AC78C1FC80}"
EndProject
Project("{FAE04EC0-301F-11D3-BF4B-00C04F79EFBC}") = "Lab03_C02_CarRental", "Lab03\Lab03_C02_CarRental\Lab03_C02_CarRental.csproj", "{D4F4D577-89AA-3761-6A6E-A4BF41906077}"
EndProject
Project("{FAE04EC0-301F-11D3-BF4B-00C04F79EFBC}") = "Lab03_C03_FlightTicket", "Lab03\Lab03_C03_FlightTicket\Lab03_C03_FlightTicket.csproj", "{20D880FE-4F22-5243-8CDD-0B7C3E5AE355}"
EndProject
Project("{FAE04EC0-301F-11D3-BF4B-00C04F79EFBC}") = "Lab04_A01_Calculator", "Lab04\Lab04_A01_Calculator\Lab04_A01_Calculator.csproj", "{D2F659C2-B81F-1FA9-6543-AA4789CFC6BC}"
EndProject
Project("{FAE04EC0-301F-11D3-BF4B-00C04F79EFBC}") = "Lab04_A02_EmployeeOverloading", "Lab04\Lab04_A02_EmployeeOverloading\Lab04_A02_EmployeeOverloading.csproj", "{D82B426E-28B1-1CB2-99B1-43E8FDEFA638}"
EndProject
Project("{FAE04EC0-301F-11D3-BF4B-00C04F79EFBC}") = "Lab04_A03_AccessModifiers", "Lab04\Lab04_A03_AccessModifiers\Lab04_A03_AccessModifiers.csproj", "{DA806F2C-9B3B-8945-9598-63EFA5CFD705}"
EndProject
Project("{FAE04EC0-301F-11D3-BF4B-00C04F79EFBC}") = "Lab04_B01_AnimalSound", "Lab04\Lab04_B01_AnimalSound\Lab04_B01_AnimalSound.csproj", "{212AF05F-1F7F-62B1-406F-3711A6236CC4}"
EndProject
Project("{FAE04EC0-301F-11D3-BF4B-00C04F79EFBC}") = "Lab04_B02_ShapeArea", "Lab04\Lab04_B02_ShapeArea\Lab04_B02_ShapeArea.csproj", "{9601E784-EA62-1699-7E8C-F83088BFA45D}"
EndProject
Project("{FAE04EC0-301F-11D3-BF4B-00C04F79EFBC}") = "Lab04_C01_BankTransaction", "Lab04\Lab04_C01_BankTransaction\Lab04_C01_BankTransaction.csproj", "{CCA644F7-E732-9E19-4C79-C67892BD9669}"
EndProject
Project("{FAE04EC0-301F-11D3-BF4B-00C04F79EFBC}") = "Lab04_C02_LibraryItem", "Lab04\Lab04_C02_LibraryItem\Lab04_C02_LibraryItem.csproj", "{7113BFF1-9918-4116-62D8-334D42C1A8CD}"
EndProject
Project("{FAE04EC0-301F-11D3-BF4B-00C04F79EFBC}") = "Lab04_C03_BillingSystem", "Lab04\Lab04_C03_BillingSystem\Lab04_C03_BillingSystem.csproj", "{1991C382-D0FF-A9C0-7D80-4152C85D7D0A}"
EndProject
Project("{FAE04EC0-301F-11D3-BF4B-00C04F79EFBC}") = "Lab05_A01_AnimalInheritance", "Lab05\Lab05_A01_AnimalInheritance\Lab05_A01_AnimalInheritance.csproj", "{D29F485E-AF47-54F2-6FC4-C0371FEDF95A}"
EndProject
Project("{FAE04EC0-301F-11D3-BF4B-00C04F79EFBC}") = "Lab05_A02_VehicleInheritance", "Lab05\Lab05_A02_VehicleInheritance\Lab05_A02_VehicleInheritance.csproj", "{4177B2B6-8F3B-25FC-B520-CBF4E886F809}"
EndProject
Project("{FAE04EC0-301F-11D3-BF4B-00C04F79EFBC}") = "Lab05_A03_ShapePolymorphism", "Lab05\Lab05_A03_ShapePolymorphism\Lab05_A03_ShapePolymorphism.csproj", "{88E03AF9-6AC1-F207-F34B-62CFBDE4DA3D}"
EndProject
Project("{FAE04EC0-301F-11D3-BF4B-00C04F79EFBC}") = "Lab05_B01_ApplianceAbstraction", "Lab05\Lab05_B01_ApplianceAbstraction\Lab05_B01_ApplianceAbstraction.csproj", "{0125E829-3AC0-B2A6-CF72-CA3EA7460D49}"
EndProject
Project("{FAE04EC0-301F-11D3-BF4B-00C04F79EFBC}") = "Lab05_B02_PrintableInterface", "Lab05\Lab05_B02_PrintableInterface\Lab05_B02_PrintableInterface.csproj", "{BE320002-0C7D-DB39-0372-78EA2BE8EDB2}"
EndProject
Project("{FAE04EC0-301F-11D3-BF4B-00C04F79EFBC}") = "Lab05_B03_RobotInterface", "Lab05\Lab05_B03_RobotInterface\Lab05_B03_RobotInterface.csproj", "{EB86DD22-87B1-07DA-BC72-E6A731CFDCFF}"
EndProject
Project("{FAE04EC0-301F-11D3-BF4B-00C04F79EFBC}") = "Lab05_C01_PaymentSystem", "Lab05\Lab05_C01_PaymentSystem\Lab05_C01_PaymentSystem.csproj", "{1D11EA59-6141-E4C8-AAE2-28F1187F2605}"
EndProject
Project("{FAE04EC0-301F-11D3-BF4B-00C04F79EFBC}") = "Lab05_C02_EmployeeBonus", "Lab05\Lab05_C02_EmployeeBonus\Lab05_C02_EmployeeBonus.csproj", "{812852F5-6EE1-13CB-801F-89D12B38087D}"
EndProject
Project("{FAE04EC0-301F-11D3-BF4B-00C04F79EFBC}") = "Lab05_C03_VehicleRental", "Lab05\Lab05_C03_VehicleRental\Lab05_C03_VehicleRental.csproj", "{5D46EDA9-D094-0EB3-766D-93193E9B5A21}"
EndProject
Project("{FAE04EC0-301F-11D3-BF4B-00C04F79EFBC}") = "Lab06_A01_TaskStack", "Lab06\Lab06_A01_TaskStack\Lab06_A01_TaskStack.csproj", "{82D90553-E3FD-5D84-E491-FDCCC881A54C}"
EndProject
Project("{FAE04EC0-301F-11D3-BF4B-00C04F79EFBC}") = "Lab06_A02_CustomerQueue", "Lab06\Lab06_A02_CustomerQueue\Lab06_A02_CustomerQueue.csproj", "{1DEE664E-EE73-B5C2-0D2C-47214ED99D2F}"
EndProject
Project("{FAE04EC0-301F-11D3-BF4B-00C04F79EFBC}") = "Lab06_A03_VowelConsonant", "Lab06\Lab06_A03_VowelConsonant\Lab06_A03_VowelConsonant.csproj", "{2D98C950-3832-A09E-E4E7-C36C153D14C8}"
EndProject
Project("{FAE04EC0-301F-11D3-BF4B-00C04F79EFBC}") = "Lab06_A04_PalindromeString", "Lab06\Lab06_A04_PalindromeString\Lab06_A04_PalindromeString.csproj", "{5AC67BB7-A54D-DAFA-94D3-4E6B2D323017}"
EndProject
Project("{FAE04EC0-301F-11D3-BF4B-00C04F79EFBC}") = "Lab06_B01_WordFrequency", "Lab06\Lab06_B01_WordFrequency\Lab06_B01_WordFrequency.csproj", "{7E4C62D6-1836-B7A7-4862-F6CCF0B3F5FD}"
EndProject
Project("{FAE04EC0-301F-11D3-BF4B-00C04F79EFBC}") = "Lab06_B02_ShoppingList", "Lab06\Lab06_B02_ShoppingList\Lab06_B02_ShoppingList.csproj", "{C34B897A-C947-211D-99B7-A199A9C1E971}"
EndProject
Project("{FAE04EC0-301F-11D3-BF4B-00C04F79EFBC}") = "Lab06_B03_WordCount", "Lab06\Lab06_B03_WordCount\Lab06_B03_WordCount.csproj", "{2519BA0F-E549-0246-EFDC-ACBCA524153E}"
EndProject
Project("{FAE04EC0-301F-11D3-BF4B-00C04F79EFBC}") = "Lab06_B04_EmailSet", "Lab06\Lab06_B04_EmailSet\Lab06_B04_EmailSet.csproj", "{2DDBEDEE-1B9A-C809-9E97-B45FA25B0B8F}"
EndProject
Project("{FAE04EC0-301F-11D3-BF4B-00C04F79EFBC}") = "Lab06_C01_LibraryBorrowing", "Lab06\Lab06_C01_LibraryBorrowing\Lab06_C01_LibraryBorrowing.csproj", "{B7648EEC-E877-495D-E1CF-38E03D5A4CEA}"
EndProject
Project("{FAE04EC0-301F-11D3-BF4B-00C04F79EFBC}") = "Lab06_C02_HospitalQueue", "Lab06\Lab06_C02_HospitalQueue\Lab06_C02_HospitalQueue.csproj", "{3A8589F3-22C5-AA46-DB4D-1E1269365FF4}"
EndProject
Project("{FAE04EC0-301F-11D3-BF4B-00C04F79EFBC}") = "Lab09_RazorSyntax", "Lab09\Lab09_RazorSyntax\Lab09_RazorSyntax.csproj", "{D724C846-5CEE-B532-94AD-F4EB4FB46B6B}"
EndProject
Project("{FAE04EC0-301F-11D3-BF4B-00C04F79EFBC}") = "Lab10_AreasIActionResult", "Lab10\Lab10_AreasIActionResult\Lab10_AreasIActionResult.csproj", "{E7A413A3-5003-7B08-4EC7-A15284356E2B}"
EndProject
Project("{FAE04EC0-301F-11D3-BF4B-00C04F79EFBC}") = "Lab11_StoredProcedures", "Lab11\Lab11_StoredProcedures\Lab11_StoredProcedures.csproj", "{691F48B2-B928-3984-A7F6-DA97EA88D12C}"
EndProject
Project("{FAE04EC0-301F-11D3-BF4B-00C04F79EFBC}") = "Lab12_CRUDOperations", "Lab12\Lab12_CRUDOperations\Lab12_CRUDOperations.csproj", "{1AD57F52-C7E2-584D-046F-7B3D62412182}"
EndProject
Global
	GlobalSection(SolutionConfigurationPlatforms) = preSolution
		Debug|Any CPU = Debug|Any CPU
		Release|Any CPU = Release|Any CPU
	EndGlobalSection
	GlobalSection(ProjectConfigurationPlatforms) = postSolution
		{5DB77B40-B1DC-6889-DB4C-6916CA34023F}.Debug|Any CPU.ActiveCfg = Debug|Any CPU
		{5DB77B40-B1DC-6889-DB4C-6916CA34023F}.Debug|Any CPU.Build.0 = Debug|Any CPU
		{5DB77B40-B1DC-6889-DB4C-6916CA34023F}.Release|Any CPU.ActiveCfg = Release|Any CPU
		{5DB77B40-B1DC-6889-DB4C-6916CA34023F}.Release|Any CPU.Build.0 = Release|Any CPU
		{B06F797E-B8D5-F6AB-918A-230BABB1DFAF}.Debug|Any CPU.ActiveCfg = Debug|Any CPU
		{B06F797E-B8D5-F6AB-918A-230BABB1DFAF}.Debug|Any CPU.Build.0 = Debug|Any CPU
		{B06F797E-B8D5-F6AB-918A-230BABB1DFAF}.Release|Any CPU.ActiveCfg = Release|Any CPU
		{B06F797E-B8D5-F6AB-918A-230BABB1DFAF}.Release|Any CPU.Build.0 = Release|Any CPU
		{5062B871-2119-89F1-45FB-DEB11E6E3B9A}.Debug|Any CPU.ActiveCfg = Debug|Any CPU
		{5062B871-2119-89F1-45FB-DEB11E6E3B9A}.Debug|Any CPU.Build.0 = Debug|Any CPU
		{5062B871-2119-89F1-45FB-DEB11E6E3B9A}.Release|Any CPU.ActiveCfg = Release|Any CPU
		{5062B871-2119-89F1-45FB-DEB11E6E3B9A}.Release|Any CPU.Build.0 = Release|Any CPU
		{DD32ED9F-168D-D817-FF57-A66071E468D5}.Debug|Any CPU.ActiveCfg = Debug|Any CPU
		{DD32ED9F-168D-D817-FF57-A66071E468D5}.Debug|Any CPU.Build.0 = Debug|Any CPU
		{DD32ED9F-168D-D817-FF57-A66071E468D5}.Release|Any CPU.ActiveCfg = Release|Any CPU
		{DD32ED9F-168D-D817-FF57-A66071E468D5}.Release|Any CPU.Build.0 = Release|Any CPU
		{D15EB9EB-E322-20A5-B8DB-B9A7F1D7553F}.Debug|Any CPU.ActiveCfg = Debug|Any CPU
		{D15EB9EB-E322-20A5-B8DB-B9A7F1D7553F}.Debug|Any CPU.Build.0 = Debug|Any CPU
		{D15EB9EB-E322-20A5-B8DB-B9A7F1D7553F}.Release|Any CPU.ActiveCfg = Release|Any CPU
		{D15EB9EB-E322-20A5-B8DB-B9A7F1D7553F}.Release|Any CPU.Build.0 = Release|Any CPU
		{34D57E6B-1E99-FBB3-20EA-7CBB830F2005}.Debug|Any CPU.ActiveCfg = Debug|Any CPU
		{34D57E6B-1E99-FBB3-20EA-7CBB830F2005}.Debug|Any CPU.Build.0 = Debug|Any CPU
		{34D57E6B-1E99-FBB3-20EA-7CBB830F2005}.Release|Any CPU.ActiveCfg = Release|Any CPU
		{34D57E6B-1E99-FBB3-20EA-7CBB830F2005}.Release|Any CPU.Build.0 = Release|Any CPU
		{91831DE9-6776-CBB7-BFC6-9CAF099BFB7D}.Debug|Any CPU.ActiveCfg = Debug|Any CPU
		{91831DE9-6776-CBB7-BFC6-9CAF099BFB7D}.Debug|Any CPU.Build.0 = Debug|Any CPU
		{91831DE9-6776-CBB7-BFC6-9CAF099BFB7D}.Release|Any CPU.ActiveCfg = Release|Any CPU
		{91831DE9-6776-CBB7-BFC6-9CAF099BFB7D}.Release|Any CPU.Build.0 = Release|Any CPU
		{1F064F9C-ACCC-FF9A-B985-B6961F70FBA6}.Debug|Any CPU.ActiveCfg = Debug|Any CPU
		{1F064F9C-ACCC-FF9A-B985-B6961F70FBA6}.Debug|Any CPU.Build.0 = Debug|Any CPU
		{1F064F9C-ACCC-FF9A-B985-B6961F70FBA6}.Release|Any CPU.ActiveCfg = Release|Any CPU
		{1F064F9C-ACCC-FF9A-B985-B6961F70FBA6}.Release|Any CPU.Build.0 = Release|Any CPU
		{B65211CD-BA84-5178-B787-922C34003ECD}.Debug|Any CPU.ActiveCfg = Debug|Any CPU
		{B65211CD-BA84-5178-B787-922C34003ECD}.Debug|Any CPU.Build.0 = Debug|Any CPU
		{B65211CD-BA84-5178-B787-922C34003ECD}.Release|Any CPU.ActiveCfg = Release|Any CPU
		{B65211CD-BA84-5178-B787-922C34003ECD}.Release|Any CPU.Build.0 = Release|Any CPU
		{8DAABC93-6503-1757-958E-62CBA7619860}.Debug|Any CPU.ActiveCfg = Debug|Any CPU
		{8DAABC93-6503-1757-958E-62CBA7619860}.Debug|Any CPU.Build.0 = Debug|Any CPU
		{8DAABC93-6503-1757-958E-62CBA7619860}.Release|Any CPU.ActiveCfg = Release|Any CPU
		{8DAABC93-6503-1757-958E-62CBA7619860}.Release|Any CPU.Build.0 = Release|Any CPU
		{B3378A1A-705A-0517-B239-DE8510ADF42C}.Debug|Any CPU.ActiveCfg = Debug|Any CPU
		{B3378A1A-705A-0517-B239-DE8510ADF42C}.Debug|Any CPU.Build.0 = Debug|Any CPU
		{B3378A1A-705A-0517-B239-DE8510ADF42C}.Release|Any CPU.ActiveCfg = Release|Any CPU
		{B3378A1A-705A-0517-B239-DE8510ADF42C}.Release|Any CPU.Build.0 = Release|Any CPU
		{24CBFB10-4896-1509-0AD9-C5D44E2B83B8}.Debug|Any CPU.ActiveCfg = Debug|Any CPU
		{24CBFB10-4896-1509-0AD9-C5D44E2B83B8}.Debug|Any CPU.Build.0 = Debug|Any CPU
		{24CBFB10-4896-1509-0AD9-C5D44E2B83B8}.Release|Any CPU.ActiveCfg = Release|Any CPU
		{24CBFB10-4896-1509-0AD9-C5D44E2B83B8}.Release|Any CPU.Build.0 = Release|Any CPU
		{EE494871-FA21-5E1B-0466-C19BC425230B}.Debug|Any CPU.ActiveCfg = Debug|Any CPU
		{EE494871-FA21-5E1B-0466-C19BC425230B}.Debug|Any CPU.Build.0 = Debug|Any CPU
		{EE494871-FA21-5E1B-0466-C19BC425230B}.Release|Any CPU.ActiveCfg = Release|Any CPU
		{EE494871-FA21-5E1B-0466-C19BC425230B}.Release|Any CPU.Build.0 = Release|Any CPU
		{5088F0F6-2B2C-4B25-AC17-41D9B6FC4213}.Debug|Any CPU.ActiveCfg = Debug|Any CPU
		{5088F0F6-2B2C-4B25-AC17-41D9B6FC4213}.Debug|Any CPU.Build.0 = Debug|Any CPU
		{5088F0F6-2B2C-4B25-AC17-41D9B6FC4213}.Release|Any CPU.ActiveCfg = Release|Any CPU
		{5088F0F6-2B2C-4B25-AC17-41D9B6FC4213}.Release|Any CPU.Build.0 = Release|Any CPU
		{B4F7E25D-E025-7CB5-605B-2745AC03538C}.Debug|Any CPU.ActiveCfg = Debug|Any CPU
		{B4F7E25D-E025-7CB5-605B-2745AC03538C}.Debug|Any CPU.Build.0 = Debug|Any CPU
		{B4F7E25D-E025-7CB5-605B-2745AC03538C}.Release|Any CPU.ActiveCfg = Release|Any CPU
		{B4F7E25D-E025-7CB5-605B-2745AC03538C}.Release|Any CPU.Build.0 = Release|Any CPU
		{ED5E1AC0-D51F-98E4-7A9E-372C39838CB8}.Debug|Any CPU.ActiveCfg = Debug|Any CPU
		{ED5E1AC0-D51F-98E4-7A9E-372C39838CB8}.Debug|Any CPU.Build.0 = Debug|Any CPU
		{ED5E1AC0-D51F-98E4-7A9E-372C39838CB8}.Release|Any CPU.ActiveCfg = Release|Any CPU
		{ED5E1AC0-D51F-98E4-7A9E-372C39838CB8}.Release|Any CPU.Build.0 = Release|Any CPU
		{04F621EA-D248-2413-DDF7-C9880E59E341}.Debug|Any CPU.ActiveCfg = Debug|Any CPU
		{04F621EA-D248-2413-DDF7-C9880E59E341}.Debug|Any CPU.Build.0 = Debug|Any CPU
		{04F621EA-D248-2413-DDF7-C9880E59E341}.Release|Any CPU.ActiveCfg = Release|Any CPU
		{04F621EA-D248-2413-DDF7-C9880E59E341}.Release|Any CPU.Build.0 = Release|Any CPU
		{5787CDA5-ECE2-90E3-2833-2A04C48DC7F9}.Debug|Any CPU.ActiveCfg = Debug|Any CPU
		{5787CDA5-ECE2-90E3-2833-2A04C48DC7F9}.Debug|Any CPU.Build.0 = Debug|Any CPU
		{5787CDA5-ECE2-90E3-2833-2A04C48DC7F9}.Release|Any CPU.ActiveCfg = Release|Any CPU
		{5787CDA5-ECE2-90E3-2833-2A04C48DC7F9}.Release|Any CPU.Build.0 = Release|Any CPU
		{53912A8D-E17B-4EBD-8423-6040411013A5}.Debug|Any CPU.ActiveCfg = Debug|Any CPU
		{53912A8D-E17B-4EBD-8423-6040411013A5}.Debug|Any CPU.Build.0 = Debug|Any CPU
		{53912A8D-E17B-4EBD-8423-6040411013A5}.Release|Any CPU.ActiveCfg = Release|Any CPU
		{53912A8D-E17B-4EBD-8423-6040411013A5}.Release|Any CPU.Build.0 = Release|Any CPU
		{BEB7FD26-B59F-4828-CFFF-F16DA398AED0}.Debug|Any CPU.ActiveCfg = Debug|Any CPU
		{BEB7FD26-B59F-4828-CFFF-F16DA398AED0}.Debug|Any CPU.Build.0 = Debug|Any CPU
		{BEB7FD26-B59F-4828-CFFF-F16DA398AED0}.Release|Any CPU.ActiveCfg = Release|Any CPU
		{BEB7FD26-B59F-4828-CFFF-F16DA398AED0}.Release|Any CPU.Build.0 = Release|Any CPU
		{0B71ED32-1EB5-313A-F129-166AC3C0C00A}.Debug|Any CPU.ActiveCfg = Debug|Any CPU
		{0B71ED32-1EB5-313A-F129-166AC3C0C00A}.Debug|Any CPU.Build.0 = Debug|Any CPU
		{0B71ED32-1EB5-313A-F129-166AC3C0C00A}.Release|Any CPU.ActiveCfg = Release|Any CPU
		{0B71ED32-1EB5-313A-F129-166AC3C0C00A}.Release|Any CPU.Build.0 = Release|Any CPU
		{48127332-0AD6-0EE9-7C18-2187294C6126}.Debug|Any CPU.ActiveCfg = Debug|Any CPU
		{48127332-0AD6-0EE9-7C18-2187294C6126}.Debug|Any CPU.Build.0 = Debug|Any CPU
		{48127332-0AD6-0EE9-7C18-2187294C6126}.Release|Any CPU.ActiveCfg = Release|Any CPU
		{48127332-0AD6-0EE9-7C18-2187294C6126}.Release|Any CPU.Build.0 = Release|Any CPU
		{5E82FD1D-48F5-DF87-C670-D5D19BCB2BF7}.Debug|Any CPU.ActiveCfg = Debug|Any CPU
		{5E82FD1D-48F5-DF87-C670-D5D19BCB2BF7}.Debug|Any CPU.Build.0 = Debug|Any CPU
		{5E82FD1D-48F5-DF87-C670-D5D19BCB2BF7}.Release|Any CPU.ActiveCfg = Release|Any CPU
		{5E82FD1D-48F5-DF87-C670-D5D19BCB2BF7}.Release|Any CPU.Build.0 = Release|Any CPU
		{F5642E06-48D2-EDCF-F6E0-852AE7B2FB8A}.Debug|Any CPU.ActiveCfg = Debug|Any CPU
		{F5642E06-48D2-EDCF-F6E0-852AE7B2FB8A}.Debug|Any CPU.Build.0 = Debug|Any CPU
		{F5642E06-48D2-EDCF-F6E0-852AE7B2FB8A}.Release|Any CPU.ActiveCfg = Release|Any CPU
		{F5642E06-48D2-EDCF-F6E0-852AE7B2FB8A}.Release|Any CPU.Build.0 = Release|Any CPU
		{F1250DCA-57AB-F33C-0AF0-D9B6FC77B610}.Debug|Any CPU.ActiveCfg = Debug|Any CPU
		{F1250DCA-57AB-F33C-0AF0-D9B6FC77B610}.Debug|Any CPU.Build.0 = Debug|Any CPU
		{F1250DCA-57AB-F33C-0AF0-D9B6FC77B610}.Release|Any CPU.ActiveCfg = Release|Any CPU
		{F1250DCA-57AB-F33C-0AF0-D9B6FC77B610}.Release|Any CPU.Build.0 = Release|Any CPU
		{0E32538B-614C-0147-7D7D-892914AE00DC}.Debug|Any CPU.ActiveCfg = Debug|Any CPU
		{0E32538B-614C-0147-7D7D-892914AE00DC}.Debug|Any CPU.Build.0 = Debug|Any CPU
		{0E32538B-614C-0147-7D7D-892914AE00DC}.Release|Any CPU.ActiveCfg = Release|Any CPU
		{0E32538B-614C-0147-7D7D-892914AE00DC}.Release|Any CPU.Build.0 = Release|Any CPU
		{FA727B9D-1BF1-D9DE-7E8F-19AC78C1FC80}.Debug|Any CPU.ActiveCfg = Debug|Any CPU
		{FA727B9D-1BF1-D9DE-7E8F-19AC78C1FC80}.Debug|Any CPU.Build.0 = Debug|Any CPU
		{FA727B9D-1BF1-D9DE-7E8F-19AC78C1FC80}.Release|Any CPU.ActiveCfg = Release|Any CPU
		{FA727B9D-1BF1-D9DE-7E8F-19AC78C1FC80}.Release|Any CPU.Build.0 = Release|Any CPU
		{D4F4D577-89AA-3761-6A6E-A4BF41906077}.Debug|Any CPU.ActiveCfg = Debug|Any CPU
		{D4F4D577-89AA-3761-6A6E-A4BF41906077}.Debug|Any CPU.Build.0 = Debug|Any CPU
		{D4F4D577-89AA-3761-6A6E-A4BF41906077}.Release|Any CPU.ActiveCfg = Release|Any CPU
		{D4F4D577-89AA-3761-6A6E-A4BF41906077}.Release|Any CPU.Build.0 = Release|Any CPU
		{20D880FE-4F22-5243-8CDD-0B7C3E5AE355}.Debug|Any CPU.ActiveCfg = Debug|Any CPU
		{20D880FE-4F22-5243-8CDD-0B7C3E5AE355}.Debug|Any CPU.Build.0 = Debug|Any CPU
		{20D880FE-4F22-5243-8CDD-0B7C3E5AE355}.Release|Any CPU.ActiveCfg = Release|Any CPU
		{20D880FE-4F22-5243-8CDD-0B7C3E5AE355}.Release|Any CPU.Build.0 = Release|Any CPU
		{D2F659C2-B81F-1FA9-6543-AA4789CFC6BC}.Debug|Any CPU.ActiveCfg = Debug|Any CPU
		{D2F659C2-B81F-1FA9-6543-AA4789CFC6BC}.Debug|Any CPU.Build.0 = Debug|Any CPU
		{D2F659C2-B81F-1FA9-6543-AA4789CFC6BC}.Release|Any CPU.ActiveCfg = Release|Any CPU
		{D2F659C2-B81F-1FA9-6543-AA4789CFC6BC}.Release|Any CPU.Build.0 = Release|Any CPU
		{D82B426E-28B1-1CB2-99B1-43E8FDEFA638}.Debug|Any CPU.ActiveCfg = Debug|Any CPU
		{D82B426E-28B1-1CB2-99B1-43E8FDEFA638}.Debug|Any CPU.Build.0 = Debug|Any CPU
		{D82B426E-28B1-1CB2-99B1-43E8FDEFA638}.Release|Any CPU.ActiveCfg = Release|Any CPU
		{D82B426E-28B1-1CB2-99B1-43E8FDEFA638}.Release|Any CPU.Build.0 = Release|Any CPU
		{DA806F2C-9B3B-8945-9598-63EFA5CFD705}.Debug|Any CPU.ActiveCfg = Debug|Any CPU
		{DA806F2C-9B3B-8945-9598-63EFA5CFD705}.Debug|Any CPU.Build.0 = Debug|Any CPU
		{DA806F2C-9B3B-8945-9598-63EFA5CFD705}.Release|Any CPU.ActiveCfg = Release|Any CPU
		{DA806F2C-9B3B-8945-9598-63EFA5CFD705}.Release|Any CPU.Build.0 = Release|Any CPU
		{212AF05F-1F7F-62B1-406F-3711A6236CC4}.Debug|Any CPU.ActiveCfg = Debug|Any CPU
		{212AF05F-1F7F-62B1-406F-3711A6236CC4}.Debug|Any CPU.Build.0 = Debug|Any CPU
		{212AF05F-1F7F-62B1-406F-3711A6236CC4}.Release|Any CPU.ActiveCfg = Release|Any CPU
		{212AF05F-1F7F-62B1-406F-3711A6236CC4}.Release|Any CPU.Build.0 = Release|Any CPU
		{9601E784-EA62-1699-7E8C-F83088BFA45D}.Debug|Any CPU.ActiveCfg = Debug|Any CPU
		{9601E784-EA62-1699-7E8C-F83088BFA45D}.Debug|Any CPU.Build.0 = Debug|Any CPU
		{9601E784-EA62-1699-7E8C-F83088BFA45D}.Release|Any CPU.ActiveCfg = Release|Any CPU
		{9601E784-EA62-1699-7E8C-F83088BFA45D}.Release|Any CPU.Build.0 = Release|Any CPU
		{CCA644F7-E732-9E19-4C79-C67892BD9669}.Debug|Any CPU.ActiveCfg = Debug|Any CPU
		{CCA644F7-E732-9E19-4C79-C67892BD9669}.Debug|Any CPU.Build.0 = Debug|Any CPU
		{CCA644F7-E732-9E19-4C79-C67892BD9669}.Release|Any CPU.ActiveCfg = Release|Any CPU
		{CCA644F7-E732-9E19-4C79-C67892BD9669}.Release|Any CPU.Build.0 = Release|Any CPU
		{7113BFF1-9918-4116-62D8-334D42C1A8CD}.Debug|Any CPU.ActiveCfg = Debug|Any CPU
		{7113BFF1-9918-4116-62D8-334D42C1A8CD}.Debug|Any CPU.Build.0 = Debug|Any CPU
		{7113BFF1-9918-4116-62D8-334D42C1A8CD}.Release|Any CPU.ActiveCfg = Release|Any CPU
		{7113BFF1-9918-4116-62D8-334D42C1A8CD}.Release|Any CPU.Build.0 = Release|Any CPU
		{1991C382-D0FF-A9C0-7D80-4152C85D7D0A}.Debug|Any CPU.ActiveCfg = Debug|Any CPU
		{1991C382-D0FF-A9C0-7D80-4152C85D7D0A}.Debug|Any CPU.Build.0 = Debug|Any CPU
		{1991C382-D0FF-A9C0-7D80-4152C85D7D0A}.Release|Any CPU.ActiveCfg = Release|Any CPU
		{1991C382-D0FF-A9C0-7D80-4152C85D7D0A}.Release|Any CPU.Build.0 = Release|Any CPU
		{D29F485E-AF47-54F2-6FC4-C0371FEDF95A}.Debug|Any CPU.ActiveCfg = Debug|Any CPU
		{D29F485E-AF47-54F2-6FC4-C0371FEDF95A}.Debug|Any CPU.Build.0 = Debug|Any CPU
		{D29F485E-AF47-54F2-6FC4-C0371FEDF95A}.Release|Any CPU.ActiveCfg = Release|Any CPU
		{D29F485E-AF47-54F2-6FC4-C0371FEDF95A}.Release|Any CPU.Build.0 = Release|Any CPU
		{4177B2B6-8F3B-25FC-B520-CBF4E886F809}.Debug|Any CPU.ActiveCfg = Debug|Any CPU
		{4177B2B6-8F3B-25FC-B520-CBF4E886F809}.Debug|Any CPU.Build.0 = Debug|Any CPU
		{4177B2B6-8F3B-25FC-B520-CBF4E886F809}.Release|Any CPU.ActiveCfg = Release|Any CPU
		{4177B2B6-8F3B-25FC-B520-CBF4E886F809}.Release|Any CPU.Build.0 = Release|Any CPU
		{88E03AF9-6AC1-F207-F34B-62CFBDE4DA3D}.Debug|Any CPU.ActiveCfg = Debug|Any CPU
		{88E03AF9-6AC1-F207-F34B-62CFBDE4DA3D}.Debug|Any CPU.Build.0 = Debug|Any CPU
		{88E03AF9-6AC1-F207-F34B-62CFBDE4DA3D}.Release|Any CPU.ActiveCfg = Release|Any CPU
		{88E03AF9-6AC1-F207-F34B-62CFBDE4DA3D}.Release|Any CPU.Build.0 = Release|Any CPU
		{0125E829-3AC0-B2A6-CF72-CA3EA7460D49}.Debug|Any CPU.ActiveCfg = Debug|Any CPU
		{0125E829-3AC0-B2A6-CF72-CA3EA7460D49}.Debug|Any CPU.Build.0 = Debug|Any CPU
		{0125E829-3AC0-B2A6-CF72-CA3EA7460D49}.Release|Any CPU.ActiveCfg = Release|Any CPU
		{0125E829-3AC0-B2A6-CF72-CA3EA7460D49}.Release|Any CPU.Build.0 = Release|Any CPU
		{BE320002-0C7D-DB39-0372-78EA2BE8EDB2}.Debug|Any CPU.ActiveCfg = Debug|Any CPU
		{BE320002-0C7D-DB39-0372-78EA2BE8EDB2}.Debug|Any CPU.Build.0 = Debug|Any CPU
		{BE320002-0C7D-DB39-0372-78EA2BE8EDB2}.Release|Any CPU.ActiveCfg = Release|Any CPU
		{BE320002-0C7D-DB39-0372-78EA2BE8EDB2}.Release|Any CPU.Build.0 = Release|Any CPU
		{EB86DD22-87B1-07DA-BC72-E6A731CFDCFF}.Debug|Any CPU.ActiveCfg = Debug|Any CPU
		{EB86DD22-87B1-07DA-BC72-E6A731CFDCFF}.Debug|Any CPU.Build.0 = Debug|Any CPU
		{EB86DD22-87B1-07DA-BC72-E6A731CFDCFF}.Release|Any CPU.ActiveCfg = Release|Any CPU
		{EB86DD22-87B1-07DA-BC72-E6A731CFDCFF}.Release|Any CPU.Build.0 = Release|Any CPU
		{1D11EA59-6141-E4C8-AAE2-28F1187F2605}.Debug|Any CPU.ActiveCfg = Debug|Any CPU
		{1D11EA59-6141-E4C8-AAE2-28F1187F2605}.Debug|Any CPU.Build.0 = Debug|Any CPU
		{1D11EA59-6141-E4C8-AAE2-28F1187F2605}.Release|Any CPU.ActiveCfg = Release|Any CPU
		{1D11EA59-6141-E4C8-AAE2-28F1187F2605}.Release|Any CPU.Build.0 = Release|Any CPU
		{812852F5-6EE1-13CB-801F-89D12B38087D}.Debug|Any CPU.ActiveCfg = Debug|Any CPU
		{812852F5-6EE1-13CB-801F-89D12B38087D}.Debug|Any CPU.Build.0 = Debug|Any CPU
		{812852F5-6EE1-13CB-801F-89D12B38087D}.Release|Any CPU.ActiveCfg = Release|Any CPU
		{812852F5-6EE1-13CB-801F-89D12B38087D}.Release|Any CPU.Build.0 = Release|Any CPU
		{5D46EDA9-D094-0EB3-766D-93193E9B5A21}.Debug|Any CPU.ActiveCfg = Debug|Any CPU
		{5D46EDA9-D094-0EB3-766D-93193E9B5A21}.Debug|Any CPU.Build.0 = Debug|Any CPU
		{5D46EDA9-D094-0EB3-766D-93193E9B5A21}.Release|Any CPU.ActiveCfg = Release|Any CPU
		{5D46EDA9-D094-0EB3-766D-93193E9B5A21}.Release|Any CPU.Build.0 = Release|Any CPU
		{82D90553-E3FD-5D84-E491-FDCCC881A54C}.Debug|Any CPU.ActiveCfg = Debug|Any CPU
		{82D90553-E3FD-5D84-E491-FDCCC881A54C}.Debug|Any CPU.Build.0 = Debug|Any CPU
		{82D90553-E3FD-5D84-E491-FDCCC881A54C}.Release|Any CPU.ActiveCfg = Release|Any CPU
		{82D90553-E3FD-5D84-E491-FDCCC881A54C}.Release|Any CPU.Build.0 = Release|Any CPU
		{1DEE664E-EE73-B5C2-0D2C-47214ED99D2F}.Debug|Any CPU.ActiveCfg = Debug|Any CPU
		{1DEE664E-EE73-B5C2-0D2C-47214ED99D2F}.Debug|Any CPU.Build.0 = Debug|Any CPU
		{1DEE664E-EE73-B5C2-0D2C-47214ED99D2F}.Release|Any CPU.ActiveCfg = Release|Any CPU
		{1DEE664E-EE73-B5C2-0D2C-47214ED99D2F}.Release|Any CPU.Build.0 = Release|Any CPU
		{2D98C950-3832-A09E-E4E7-C36C153D14C8}.Debug|Any CPU.ActiveCfg = Debug|Any CPU
		{2D98C950-3832-A09E-E4E7-C36C153D14C8}.Debug|Any CPU.Build.0 = Debug|Any CPU
		{2D98C950-3832-A09E-E4E7-C36C153D14C8}.Release|Any CPU.ActiveCfg = Release|Any CPU
		{2D98C950-3832-A09E-E4E7-C36C153D14C8}.Release|Any CPU.Build.0 = Release|Any CPU
		{5AC67BB7-A54D-DAFA-94D3-4E6B2D323017}.Debug|Any CPU.ActiveCfg = Debug|Any CPU
		{5AC67BB7-A54D-DAFA-94D3-4E6B2D323017}.Debug|Any CPU.Build.0 = Debug|Any CPU
		{5AC67BB7-A54D-DAFA-94D3-4E6B2D323017}.Release|Any CPU.ActiveCfg = Release|Any CPU
		{5AC67BB7-A54D-DAFA-94D3-4E6B2D323017}.Release|Any CPU.Build.0 = Release|Any CPU
		{7E4C62D6-1836-B7A7-4862-F6CCF0B3F5FD}.Debug|Any CPU.ActiveCfg = Debug|Any CPU
		{7E4C62D6-1836-B7A7-4862-F6CCF0B3F5FD}.Debug|Any CPU.Build.0 = Debug|Any CPU
		{7E4C62D6-1836-B7A7-4862-F6CCF0B3F5FD}.Release|Any CPU.ActiveCfg = Release|Any CPU
		{7E4C62D6-1836-B7A7-4862-F6CCF0B3F5FD}.Release|Any CPU.Build.0 = Release|Any CPU
		{C34B897A-C947-211D-99B7-A199A9C1E971}.Debug|Any CPU.ActiveCfg = Debug|Any CPU
		{C34B897A-C947-211D-99B7-A199A9C1E971}.Debug|Any CPU.Build.0 = Debug|Any CPU
		{C34B897A-C947-211D-99B7-A199A9C1E971}.Release|Any CPU.ActiveCfg = Release|Any CPU
		{C34B897A-C947-211D-99B7-A199A9C1E971}.Release|Any CPU.Build.0 = Release|Any CPU
		{2519BA0F-E549-0246-EFDC-ACBCA524153E}.Debug|Any CPU.ActiveCfg = Debug|Any CPU
		{2519BA0F-E549-0246-EFDC-ACBCA524153E}.Debug|Any CPU.Build.0 = Debug|Any CPU
		{2519BA0F-E549-0246-EFDC-ACBCA524153E}.Release|Any CPU.ActiveCfg = Release|Any CPU
		{2519BA0F-E549-0246-EFDC-ACBCA524153E}.Release|Any CPU.Build.0 = Release|Any CPU
		{2DDBEDEE-1B9A-C809-9E97-B45FA25B0B8F}.Debug|Any CPU.ActiveCfg = Debug|Any CPU
		{2DDBEDEE-1B9A-C809-9E97-B45FA25B0B8F}.Debug|Any CPU.Build.0 = Debug|Any CPU
		{2DDBEDEE-1B9A-C809-9E97-B45FA25B0B8F}.Release|Any CPU.ActiveCfg = Release|Any CPU
		{2DDBEDEE-1B9A-C809-9E97-B45FA25B0B8F}.Release|Any CPU.Build.0 = Release|Any CPU
		{B7648EEC-E877-495D-E1CF-38E03D5A4CEA}.Debug|Any CPU.ActiveCfg = Debug|Any CPU
		{B7648EEC-E877-495D-E1CF-38E03D5A4CEA}.Debug|Any CPU.Build.0 = Debug|Any CPU
		{B7648EEC-E877-495D-E1CF-38E03D5A4CEA}.Release|Any CPU.ActiveCfg = Release|Any CPU
		{B7648EEC-E877-495D-E1CF-38E03D5A4CEA}.Release|Any CPU.Build.0 = Release|Any CPU
		{3A8589F3-22C5-AA46-DB4D-1E1269365FF4}.Debug|Any CPU.ActiveCfg = Debug|Any CPU
		{3A8589F3-22C5-AA46-DB4D-1E1269365FF4}.Debug|Any CPU.Build.0 = Debug|Any CPU
		{3A8589F3-22C5-AA46-DB4D-1E1269365FF4}.Release|Any CPU.ActiveCfg = Release|Any CPU
		{3A8589F3-22C5-AA46-DB4D-1E1269365FF4}.Release|Any CPU.Build.0 = Release|Any CPU
		{D724C846-5CEE-B532-94AD-F4EB4FB46B6B}.Debug|Any CPU.ActiveCfg = Debug|Any CPU
		{D724C846-5CEE-B532-94AD-F4EB4FB46B6B}.Debug|Any CPU.Build.0 = Debug|Any CPU
		{D724C846-5CEE-B532-94AD-F4EB4FB46B6B}.Release|Any CPU.ActiveCfg = Release|Any CPU
		{D724C846-5CEE-B532-94AD-F4EB4FB46B6B}.Release|Any CPU.Build.0 = Release|Any CPU
		{E7A413A3-5003-7B08-4EC7-A15284356E2B}.Debug|Any CPU.ActiveCfg = Debug|Any CPU
		{E7A413A3-5003-7B08-4EC7-A15284356E2B}.Debug|Any CPU.Build.0 = Debug|Any CPU
		{E7A413A3-5003-7B08-4EC7-A15284356E2B}.Release|Any CPU.ActiveCfg = Release|Any CPU
		{E7A413A3-5003-7B08-4EC7-A15284356E2B}.Release|Any CPU.Build.0 = Release|Any CPU
		{691F48B2-B928-3984-A7F6-DA97EA88D12C}.Debug|Any CPU.ActiveCfg = Debug|Any CPU
		{691F48B2-B928-3984-A7F6-DA97EA88D12C}.Debug|Any CPU.Build.0 = Debug|Any CPU
		{691F48B2-B928-3984-A7F6-DA97EA88D12C}.Release|Any CPU.ActiveCfg = Release|Any CPU
		{691F48B2-B928-3984-A7F6-DA97EA88D12C}.Release|Any CPU.Build.0 = Release|Any CPU
		{1AD57F52-C7E2-584D-046F-7B3D62412182}.Debug|Any CPU.ActiveCfg = Debug|Any CPU
		{1AD57F52-C7E2-584D-046F-7B3D62412182}.Debug|Any CPU.Build.0 = Debug|Any CPU
		{1AD57F52-C7E2-584D-046F-7B3D62412182}.Release|Any CPU.ActiveCfg = Release|Any CPU
		{1AD57F52-C7E2-584D-046F-7B3D62412182}.Release|Any CPU.Build.0 = Release|Any CPU
	EndGlobalSection
	GlobalSection(SolutionProperties) = preSolution
		HideSolutionNode = FALSE
	EndGlobalSection
	GlobalSection(NestedProjects) = preSolution
		{5DB77B40-B1DC-6889-DB4C-6916CA34023F} = {EE75C665-CF0B-E757-6772-FD49DA9E1E54}
		{B06F797E-B8D5-F6AB-918A-230BABB1DFAF} = {EE75C665-CF0B-E757-6772-FD49DA9E1E54}
		{5062B871-2119-89F1-45FB-DEB11E6E3B9A} = {EE75C665-CF0B-E757-6772-FD49DA9E1E54}
		{DD32ED9F-168D-D817-FF57-A66071E468D5} = {EE75C665-CF0B-E757-6772-FD49DA9E1E54}
		{D15EB9EB-E322-20A5-B8DB-B9A7F1D7553F} = {EE75C665-CF0B-E757-6772-FD49DA9E1E54}
		{34D57E6B-1E99-FBB3-20EA-7CBB830F2005} = {EE75C665-CF0B-E757-6772-FD49DA9E1E54}
		{91831DE9-6776-CBB7-BFC6-9CAF099BFB7D} = {EE75C665-CF0B-E757-6772-FD49DA9E1E54}
		{1F064F9C-ACCC-FF9A-B985-B6961F70FBA6} = {EE75C665-CF0B-E757-6772-FD49DA9E1E54}
		{B65211CD-BA84-5178-B787-922C34003ECD} = {EE75C665-CF0B-E757-6772-FD49DA9E1E54}
		{8DAABC93-6503-1757-958E-62CBA7619860} = {EE75C665-CF0B-E757-6772-FD49DA9E1E54}
		{B3378A1A-705A-0517-B239-DE8510ADF42C} = {83D7B06C-2322-1709-3F29-21EDDA1CD299}
		{24CBFB10-4896-1509-0AD9-C5D44E2B83B8} = {83D7B06C-2322-1709-3F29-21EDDA1CD299}
		{EE494871-FA21-5E1B-0466-C19BC425230B} = {83D7B06C-2322-1709-3F29-21EDDA1CD299}
		{5088F0F6-2B2C-4B25-AC17-41D9B6FC4213} = {83D7B06C-2322-1709-3F29-21EDDA1CD299}
		{B4F7E25D-E025-7CB5-605B-2745AC03538C} = {83D7B06C-2322-1709-3F29-21EDDA1CD299}
		{ED5E1AC0-D51F-98E4-7A9E-372C39838CB8} = {83D7B06C-2322-1709-3F29-21EDDA1CD299}
		{04F621EA-D248-2413-DDF7-C9880E59E341} = {83D7B06C-2322-1709-3F29-21EDDA1CD299}
		{5787CDA5-ECE2-90E3-2833-2A04C48DC7F9} = {83D7B06C-2322-1709-3F29-21EDDA1CD299}
		{53912A8D-E17B-4EBD-8423-6040411013A5} = {83D7B06C-2322-1709-3F29-21EDDA1CD299}
		{BEB7FD26-B59F-4828-CFFF-F16DA398AED0} = {83D7B06C-2322-1709-3F29-21EDDA1CD299}
		{0B71ED32-1EB5-313A-F129-166AC3C0C00A} = {18CFC6EA-9BD2-EEAD-78C7-F7F9F95C1EF1}
		{48127332-0AD6-0EE9-7C18-2187294C6126} = {18CFC6EA-9BD2-EEAD-78C7-F7F9F95C1EF1}
		{5E82FD1D-48F5-DF87-C670-D5D19BCB2BF7} = {18CFC6EA-9BD2-EEAD-78C7-F7F9F95C1EF1}
		{F5642E06-48D2-EDCF-F6E0-852AE7B2FB8A} = {18CFC6EA-9BD2-EEAD-78C7-F7F9F95C1EF1}
		{F1250DCA-57AB-F33C-0AF0-D9B6FC77B610} = {18CFC6EA-9BD2-EEAD-78C7-F7F9F95C1EF1}
		{0E32538B-614C-0147-7D7D-892914AE00DC} = {18CFC6EA-9BD2-EEAD-78C7-F7F9F95C1EF1}
		{FA727B9D-1BF1-D9DE-7E8F-19AC78C1FC80} = {18CFC6EA-9BD2-EEAD-78C7-F7F9F95C1EF1}
		{D4F4D577-89AA-3761-6A6E-A4BF41906077} = {18CFC6EA-9BD2-EEAD-78C7-F7F9F95C1EF1}
		{20D880FE-4F22-5243-8CDD-0B7C3E5AE355} = {18CFC6EA-9BD2-EEAD-78C7-F7F9F95C1EF1}
		{D2F659C2-B81F-1FA9-6543-AA4789CFC6BC} = {50477B52-896C-CE36-BA53-BF57BF3C09C7}
		{D82B426E-28B1-1CB2-99B1-43E8FDEFA638} = {50477B52-896C-CE36-BA53-BF57BF3C09C7}
		{DA806F2C-9B3B-8945-9598-63EFA5CFD705} = {50477B52-896C-CE36-BA53-BF57BF3C09C7}
		{212AF05F-1F7F-62B1-406F-3711A6236CC4} = {50477B52-896C-CE36-BA53-BF57BF3C09C7}
		{9601E784-EA62-1699-7E8C-F83088BFA45D} = {50477B52-896C-CE36-BA53-BF57BF3C09C7}
		{CCA644F7-E732-9E19-4C79-C67892BD9669} = {50477B52-896C-CE36-BA53-BF57BF3C09C7}
		{7113BFF1-9918-4116-62D8-334D42C1A8CD} = {50477B52-896C-CE36-BA53-BF57BF3C09C7}
		{1991C382-D0FF-A9C0-7D80-4152C85D7D0A} = {50477B52-896C-CE36-BA53-BF57BF3C09C7}
		{D29F485E-AF47-54F2-6FC4-C0371FEDF95A} = {B433D83E-B692-FEDF-627E-7CBB17B2737A}
		{4177B2B6-8F3B-25FC-B520-CBF4E886F809} = {B433D83E-B692-FEDF-627E-7CBB17B2737A}
		{88E03AF9-6AC1-F207-F34B-62CFBDE4DA3D} = {B433D83E-B692-FEDF-627E-7CBB17B2737A}
		{0125E829-3AC0-B2A6-CF72-CA3EA7460D49} = {B433D83E-B692-FEDF-627E-7CBB17B2737A}
		{BE320002-0C7D-DB39-0372-78EA2BE8EDB2} = {B433D83E-B692-FEDF-627E-7CBB17B2737A}
		{EB86DD22-87B1-07DA-BC72-E6A731CFDCFF} = {B433D83E-B692-FEDF-627E-7CBB17B2737A}
		{1D11EA59-6141-E4C8-AAE2-28F1187F2605} = {B433D83E-B692-FEDF-627E-7CBB17B2737A}
		{812852F5-6EE1-13CB-801F-89D12B38087D} = {B433D83E-B692-FEDF-627E-7CBB17B2737A}
		{5D46EDA9-D094-0EB3-766D-93193E9B5A21} = {B433D83E-B692-FEDF-627E-7CBB17B2737A}
		{82D90553-E3FD-5D84-E491-FDCCC881A54C} = {83F0E504-9AB5-B348-9194-D31AED9D2D88}
		{1DEE664E-EE73-B5C2-0D2C-47214ED99D2F} = {83F0E504-9AB5-B348-9194-D31AED9D2D88}
		{2D98C950-3832-A09E-E4E7-C36C153D14C8} = {83F0E504-9AB5-B348-9194-D31AED9D2D88}
		{5AC67BB7-A54D-DAFA-94D3-4E6B2D323017} = {83F0E504-9AB5-B348-9194-D31AED9D2D88}
		{7E4C62D6-1836-B7A7-4862-F6CCF0B3F5FD} = {83F0E504-9AB5-B348-9194-D31AED9D2D88}
		{C34B897A-C947-211D-99B7-A199A9C1E971} = {83F0E504-9AB5-B348-9194-D31AED9D2D88}
		{2519BA0F-E549-0246-EFDC-ACBCA524153E} = {83F0E504-9AB5-B348-9194-D31AED9D2D88}
		{2DDBEDEE-1B9A-C809-9E97-B45FA25B0B8F} = {83F0E504-9AB5-B348-9194-D31AED9D2D88}
		{B7648EEC-E877-495D-E1CF-38E03D5A4CEA} = {83F0E504-9AB5-B348-9194-D31AED9D2D88}
		{3A8589F3-22C5-AA46-DB4D-1E1269365FF4} = {83F0E504-9AB5-B348-9194-D31AED9D2D88}
		{D724C846-5CEE-B532-94AD-F4EB4FB46B6B} = {E44DDA30-E2FB-F4C4-627B-16EBD1672A4C}
		{E7A413A3-5003-7B08-4EC7-A15284356E2B} = {04A3331B-C9DD-A790-E29F-5B6283ABCFA2}
		{691F48B2-B928-3984-A7F6-DA97EA88D12C} = {519AB928-C6EA-8769-F834-888391BE3AB3}
		{1AD57F52-C7E2-584D-046F-7B3D62412182} = {08531FB8-DCED-0C6C-1C61-FFE1A51EB243}
	EndGlobalSection
	GlobalSection(ExtensibilityGlobals) = postSolution
		SolutionGuid = {A4B2D730-82C2-446F-87B6-D86454A932D2}
	EndGlobalSection
EndGlobal
